{
  "name": "red-pack",
  "version": "0.1.0",
  "lockfileVersion": 1,
  "requires": true,
  "dependencies": {
    "vue-mini-toast": {
      "version": "1.0.1",
      "resolved": "https://registry.npmjs.org/vue-mini-toast/-/vue-mini-toast-1.0.1.tgz",
      "integrity": "sha512-gxitDArg7oUSR8R3PG+1xSPBdb6YAtYXR/lRKUL9tIoybIscbvxPiLcolsCImGUMmutEmhu2Uu7AXeAkOdTE6A==",
      "requires": {
        "vue": "2.5.22"
      },
      "dependencies": {
        "vue": {
          "version": "2.5.22",
          "resolved": "https://registry.npmjs.org/vue/-/vue-2.5.22.tgz",
          "integrity": "sha512-pxY3ZHlXNJMFQbkjEgGVMaMMkSV1ONpz+4qB55kZuJzyJOhn6MSy/YZdzhdnumegNzVTL/Dn3Pp4UrVBYt1j/g=="
        }
      }
    }
  }
}
